{
    "_readme": [
        "This file locks the dependencies of your project to a known state",
        "Read more about it at https://getcomposer.org/doc/01-basic-usage.md#installing-dependencies",
        "This file is @generated automatically"
    ],
    "content-hash": "61fad90c4af04f6dccae2921378571ce",
    "packages": [
        {
            "name": "brick/math",
            "version": "0.12.1",
            "source": {
                "type": "git",
                "url": "https://github.com/brick/math.git",
                "reference": "f510c0a40911935b77b86859eb5223d58d660df1"
            },
            "dist": {
                "type": "zip",
                "url": "https://api.github.com/repos/brick/math/zipball/f510c0a40911935b77b86859eb5223d58d660df1",
                "reference": "f510c0a40911935b77b86859eb5223d58d660df1",
                "shasum": ""
            },
            "require": {
                "php": "^8.1"
            },
            "require-dev": {
                "php-coveralls/php-coveralls": "^2.2",
                "phpunit/phpunit": "^10.1",
                "vimeo/psalm": "5.16.0"
            },
            "type": "library",
            "autoload": {
                "psr-4": {
                    "Brick\\Math\\": "src/"
                }
            },
            "notification-url": "https://packagist.org/downloads/",
            "license": [
                "MIT"
            ],
            "description": "Arbitrary-precision arithmetic library",
            "keywords": [
                "Arbitrary-precision",
                "BigInteger",
                "BigRational",
                "arithmetic",
                "bigdecimal",
                "bignum",
                "bignumber",
                "brick",
                "decimal",
                "integer",
                "math",
                "mathematics",
                "rational"
            ],
            "support": {
                "issues": "https://github.com/brick/math/issues",
                "source": "https://github.com/brick/math/tree/0.12.1"
            },
            "funding": [
                {
                    "url": "https://github.com/BenMorel",
                    "type": "github"
                }
            ],
            "time": "2023-11-29T23:19:16+00:00"
        },
        {
            "name": "tuupola/base58",
            "version": "2.1.0",
            "source": {
                "type": "git",
                "url": "https://github.com/tuupola/base58.git",
                "reference": "4cd1a3972679946e87c0746f59ff8f0760240b4c"
            },
            "dist": {
                "type": "zip",
                "url": "https://api.github.com/repos/tuupola/base58/zipball/4cd1a3972679946e87c0746f59ff8f0760240b4c",
                "reference": "4cd1a3972679946e87c0746f59ff8f0760240b4c",
                "shasum": ""
            },
            "require": {
                "php": "^7.1|^8.0"
            },
            "require-dev": {
                "overtrue/phplint": "^1.0.0",
                "phpbench/phpbench": "^0.13.0",
                "phpstan/phpstan": "^0.12.37",
                "phpunit/phpunit": "^7.0|^8.0|^9.0",
                "squizlabs/php_codesniffer": "^3.0"
            },
            "suggest": {
                "ext-gmp": "GMP extension provides the fastest encoding and decoding."
            },
            "type": "library",
            "autoload": {
                "psr-4": {
                    "Tuupola\\": "src"
                }
            },
            "notification-url": "https://packagist.org/downloads/",
            "license": [
                "MIT"
            ],
            "authors": [
                {
                    "name": "Mika Tuupola",
                    "email": "tuupola@appelsiini.net",
                    "homepage": "https://appelsiini.net/",
                    "role": "Developer"
                }
            ],
            "description": "Base58 encoder and decoder for arbitrary data",
            "homepage": "https://github.com/tuupola/base58",
            "keywords": [
                "base58"
            ],
            "support": {
                "issues": "https://github.com/tuupola/base58/issues",
                "source": "https://github.com/tuupola/base58/tree/2.1.0"
            },
            "funding": [
                {
                    "url": "https://github.com/tuupola",
                    "type": "github"
                }
            ],
            "time": "2020-09-09T11:38:20+00:00"
        }
    ],
    "packages-dev": [
        {
            "name": "nette/tester",
            "version": "v2.5.2",
            "source": {
                "type": "git",
                "url": "https://github.com/nette/tester.git",
                "reference": "328d7b64579cdbc82e0e01d92ea9c58b9cf0a327"
            },
            "dist": {
                "type": "zip",
                "url": "https://api.github.com/repos/nette/tester/zipball/328d7b64579cdbc82e0e01d92ea9c58b9cf0a327",
                "reference": "328d7b64579cdbc82e0e01d92ea9c58b9cf0a327",
                "shasum": ""
            },
            "require": {
                "php": ">=8.0 <8.4"
            },
            "require-dev": {
                "ext-simplexml": "*",
                "phpstan/phpstan": "^1.0"
            },
            "bin": [
                "src/tester"
            ],
            "type": "library",
            "extra": {
                "branch-alias": {
                    "dev-master": "2.5-dev"
                }
            },
            "autoload": {
                "classmap": [
                    "src/"
                ]
            },
            "notification-url": "https://packagist.org/downloads/",
            "license": [
                "BSD-3-Clause",
                "GPL-2.0-only",
                "GPL-3.0-only"
            ],
            "authors": [
                {
                    "name": "David Grudl",
                    "homepage": "https://davidgrudl.com"
                },
                {
                    "name": "Miloslav Hůla",
                    "homepage": "https://github.com/milo"
                },
                {
                    "name": "Nette Community",
                    "homepage": "https://nette.org/contributors"
                }
            ],
            "description": "Nette Tester: enjoyable unit testing in PHP with code coverage reporter. 🍏🍏🍎🍏",
            "homepage": "https://tester.nette.org",
            "keywords": [
                "Xdebug",
                "assertions",
                "clover",
                "code coverage",
                "nette",
                "pcov",
                "phpdbg",
                "phpunit",
                "testing",
                "unit"
            ],
            "support": {
                "issues": "https://github.com/nette/tester/issues",
                "source": "https://github.com/nette/tester/tree/v2.5.2"
            },
            "time": "2024-01-08T11:41:26+00:00"
        }
    ],
    "aliases": [],
    "minimum-stability": "stable",
    "stability-flags": [],
    "prefer-stable": false,
    "prefer-lowest": false,
    "platform": [],
    "platform-dev": [],
    "plugin-api-version": "2.3.0"
}
